{
  "version": 4,
  "terraform_version": "1.11.2",
  "serial": 4,
  "lineage": "373fbbef-77ff-36d8-2466-5f81fe98e1d3",
  "outputs": {},
  "resources": [
    {
      "mode": "managed",
      "type": "aws_eks_cluster",
      "name": "cronjob",
      "provider": "provider[\"registry.terraform.io/hashicorp/aws\"]",
      "instances": [
        {
          "schema_version": 1,
          "attributes": {
            "access_config": [
              {
                "authentication_mode": "API",
                "bootstrap_cluster_creator_admin_permissions": false
              }
            ],
            "arn": "arn:aws:eks:us-east-1:281762848319:cluster/cronjob",
            "bootstrap_self_managed_addons": true,
            "certificate_authority": [
              {
                "data": "LS0tLS1CRUdJTiBDRVJUSUZJQ0FURS0tLS0tCk1JSURCVENDQWUyZ0F3SUJBZ0lJYmdJOWkwOWpnS2N3RFFZSktvWklodmNOQVFFTEJRQXdGVEVUTUJFR0ExVUUKQXhNS2EzVmlaWEp1WlhSbGN6QWVGdzB5TlRFeE1UWXdORFE0TlRsYUZ3MHpOVEV4TVRRd05EVXpOVGxhTUJVeApFekFSQmdOVkJBTVRDbXQxWW1WeWJtVjBaWE13Z2dFaU1BMEdDU3FHU0liM0RRRUJBUVVBQTRJQkR3QXdnZ0VLCkFvSUJBUURUTTh1MnRITjZLRC9jakNBWkR5TE5OVloreFhNZEU4MllyY0JNbGZrckpLdmtHbkRJdTl4OUVtUGQKcG1ad3IzMldCbVlBVGlGdTh0NHZkVUtCbUorMmgvUVBJMGc3YlV6dERoRUVFZ01xSTlhM3J6NlZodWl6N1Y0QQpmcGl1eGVHZzlaWnVnSk5FbWVUN2FydjBzeHlNcldEM21BMmlzWElDd2VYeDVLOCszeUNzR0pPMStDcDRHcjd1CjZWZ3A4OCtsdTV3UTlLR3F5SlJBSTZTVm9Zd0tlQ3pwcEVqY1I0Y093Q0IyOEZ3RDM4ZGV0R2NUTmRRSTZJeTQKTWZaWEVvQlluUTNHNzVlWmJNQWF1d0MxVGZjSnJIRzViK1VTcHNHZTVuV0FPRDBHaXpTcVhkV0JKYS9SdXA3LwpGK1lLYVlIUUZUZURhVk4rRVc0YS9wa3o2d3N4QWdNQkFBR2pXVEJYTUE0R0ExVWREd0VCL3dRRUF3SUNwREFQCkJnTlZIUk1CQWY4RUJUQURBUUgvTUIwR0ExVWREZ1FXQkJSZXJ5U1ZSRlZ3VktCYjRHUHVKaXYzWVRBTk1UQVYKQmdOVkhSRUVEakFNZ2dwcmRXSmxjbTVsZEdWek1BMEdDU3FHU0liM0RRRUJDd1VBQTRJQkFRQ01yeXdQK3BKNgpDNDBnZlpteCtrZHMwSHU0WmFmSUwrQ0FuZmcvb3Z6ZVQxSlY2bVRtcjZFdXVDVVlVMUJvUjBiL2ZJc240ZGRWCmZRWFU4aWtJU0dhSzRuSW9SMmVDenBzU1AyMGtSOC92bGoxUUlBeit4L29STXg3ZlRUMStLQlJ1V1dOZVp4Z2sKQktFZVlQalhLQ3hXTFFBdHorWjBiSDN4KzZaL3NvTjQxaVppWlE1OStrREJkQllneXpLdVhhMXFNOUgxdHpTWAphSVJnRlhKcHlFcXloMk8rRnJyQUs3anFIUzFNc1dLamdsUlRNL0xBTUt0QmE4S1RKZHBKbDVlMitnMHU3R3hmCjdUTGZnWnRlQlp0bXlXcnVTTTQxZkZpTGNKUTMvTy8xUEtjeko2elV4VythZHZxbnFhdklkWG5wbEF4ckwwYngKRU9wdHpDdGNBT0ZUCi0tLS0tRU5EIENFUlRJRklDQVRFLS0tLS0K"
              }
            ],
            "cluster_id": null,
            "compute_config": [
              {
                "enabled": false,
                "node_pools": [],
                "node_role_arn": ""
              }
            ],
            "created_at": "2025-11-16T04:48:08Z",
            "deletion_protection": false,
            "enabled_cluster_log_types": null,
            "encryption_config": [],
            "endpoint": "https://6F5948737E986C349EE6247CB173FD4B.gr7.us-east-1.eks.amazonaws.com",
            "force_update_version": null,
            "id": "cronjob",
            "identity": [
              {
                "oidc": [
                  {
                    "issuer": "https://oidc.eks.us-east-1.amazonaws.com/id/6F5948737E986C349EE6247CB173FD4B"
                  }
                ]
              }
            ],
            "kubernetes_network_config": [
              {
                "elastic_load_balancing": [
                  {
                    "enabled": false
                  }
                ],
                "ip_family": "ipv4",
                "service_ipv4_cidr": "10.100.0.0/16",
                "service_ipv6_cidr": ""
              }
            ],
            "name": "cronjob",
            "outpost_config": [],
            "platform_version": "eks.29",
            "region": "us-east-1",
            "remote_network_config": [],
            "role_arn": "arn:aws:iam::281762848319:role/eks-cluster-example",
            "status": "ACTIVE",
            "storage_config": [
              {
                "block_storage": [
                  {
                    "enabled": false
                  }
                ]
              }
            ],
            "tags": null,
            "tags_all": {},
            "timeouts": null,
            "upgrade_policy": [
              {
                "support_type": "EXTENDED"
              }
            ],
            "version": "1.32",
            "vpc_config": [
              {
                "cluster_security_group_id": "sg-0a5c1a95d6e060beb",
                "endpoint_private_access": false,
                "endpoint_public_access": true,
                "public_access_cidrs": [
                  "0.0.0.0/0"
                ],
                "security_group_ids": null,
                "subnet_ids": [
                  "subnet-0519b848be8913317",
                  "subnet-0a63fb6bf1fe0ba83",
                  "subnet-0b5ef4f45880b0236"
                ],
                "vpc_id": "vpc-0a9a9b771fa677918"
              }
            ],
            "zonal_shift_config": []
          },
          "sensitive_attributes": [],
          "private": "eyJlMmJmYjczMC1lY2FhLTExZTYtOGY4OC0zNDM2M2JjN2M0YzAiOnsiY3JlYXRlIjoxODAwMDAwMDAwMDAwLCJkZWxldGUiOjkwMDAwMDAwMDAwMCwidXBkYXRlIjozNjAwMDAwMDAwMDAwfSwic2NoZW1hX3ZlcnNpb24iOiIxIn0=",
          "dependencies": [
            "aws_iam_role.cluster",
            "aws_iam_role_policy_attachment.cluster_AmazonEKSClusterPolicy"
          ]
        }
      ]
    },
    {
      "mode": "managed",
      "type": "aws_iam_role",
      "name": "cluster",
      "provider": "provider[\"registry.terraform.io/hashicorp/aws\"]",
      "instances": [
        {
          "schema_version": 0,
          "attributes": {
            "arn": "arn:aws:iam::281762848319:role/eks-cluster-example",
            "assume_role_policy": "{\"Statement\":[{\"Action\":[\"sts:AssumeRole\",\"sts:TagSession\"],\"Effect\":\"Allow\",\"Principal\":{\"Service\":\"eks.amazonaws.com\"}}],\"Version\":\"2012-10-17\"}",
            "create_date": "2025-11-16T04:48:06Z",
            "description": "",
            "force_detach_policies": false,
            "id": "eks-cluster-example",
            "inline_policy": [],
            "managed_policy_arns": [],
            "max_session_duration": 3600,
            "name": "eks-cluster-example",
            "name_prefix": "",
            "path": "/",
            "permissions_boundary": "",
            "tags": null,
            "tags_all": {},
            "unique_id": "AROAUDGS73Y7WEMEMVZ6A"
          },
          "sensitive_attributes": [],
          "private": "bnVsbA=="
        }
      ]
    },
    {
      "mode": "managed",
      "type": "aws_iam_role_policy_attachment",
      "name": "cluster_AmazonEKSClusterPolicy",
      "provider": "provider[\"registry.terraform.io/hashicorp/aws\"]",
      "instances": [
        {
          "schema_version": 0,
          "attributes": {
            "id": "eks-cluster-example/arn:aws:iam::aws:policy/AmazonEKSClusterPolicy",
            "policy_arn": "arn:aws:iam::aws:policy/AmazonEKSClusterPolicy",
            "role": "eks-cluster-example"
          },
          "sensitive_attributes": [],
          "private": "bnVsbA==",
          "dependencies": [
            "aws_iam_role.cluster"
          ]
        }
      ]
    }
  ],
  "check_results": null
}
